
Microsoft Visual Studio Solution File, Format Version 11.00
# Visual Studio 2010
Project("{F184B08F-C81C-45F6-A57F-5ABD9991F28F}") = "ConsoleExt", "ConsoleExt.vbproj", "{CA9EF5A2-317E-497D-94FF-8A139DECA8CD}"
EndProject
Project("{F184B08F-C81C-45F6-A57F-5ABD9991F28F}") = "TestApp", "TestApp\TestApp.vbproj", "{10C3443C-AD0E-4836-B523-5545B0F389A7}"
EndProject
Global
	GlobalSection(SolutionConfigurationPlatforms) = preSolution
		Debug|Any CPU = Debug|Any CPU
		Debug|x86 = Debug|x86
		Release|Any CPU = Release|Any CPU
		Release|x86 = Release|x86
	EndGlobalSection
	GlobalSection(ProjectConfigurationPlatforms) = postSolution
		{CA9EF5A2-317E-497D-94FF-8A139DECA8CD}.Debug|Any CPU.ActiveCfg = Debug|Any CPU
		{CA9EF5A2-317E-497D-94FF-8A139DECA8CD}.Debug|Any CPU.Build.0 = Debug|Any CPU
		{CA9EF5A2-317E-497D-94FF-8A139DECA8CD}.Debug|x86.ActiveCfg = Debug|x86
		{CA9EF5A2-317E-497D-94FF-8A139DECA8CD}.Debug|x86.Build.0 = Debug|x86
		{CA9EF5A2-317E-497D-94FF-8A139DECA8CD}.Release|Any CPU.ActiveCfg = Release|Any CPU
		{CA9EF5A2-317E-497D-94FF-8A139DECA8CD}.Release|Any CPU.Build.0 = Release|Any CPU
		{CA9EF5A2-317E-497D-94FF-8A139DECA8CD}.Release|x86.ActiveCfg = Release|x86
		{CA9EF5A2-317E-497D-94FF-8A139DECA8CD}.Release|x86.Build.0 = Release|x86
		{10C3443C-AD0E-4836-B523-5545B0F389A7}.Debug|Any CPU.ActiveCfg = Debug|x86
		{10C3443C-AD0E-4836-B523-5545B0F389A7}.Debug|x86.ActiveCfg = Debug|x86
		{10C3443C-AD0E-4836-B523-5545B0F389A7}.Debug|x86.Build.0 = Debug|x86
		{10C3443C-AD0E-4836-B523-5545B0F389A7}.Release|Any CPU.ActiveCfg = Release|x86
		{10C3443C-AD0E-4836-B523-5545B0F389A7}.Release|x86.ActiveCfg = Release|x86
		{10C3443C-AD0E-4836-B523-5545B0F389A7}.Release|x86.Build.0 = Release|x86
	EndGlobalSection
	GlobalSection(SolutionProperties) = preSolution
		HideSolutionNode = FALSE
	EndGlobalSection
EndGlobal
