
Microsoft Visual Studio Solution File, Format Version 11.00
# Visual Studio 2010
Project("{F184B08F-C81C-45F6-A57F-5ABD9991F28F}") = "webbrain", "webbrain\webbrain.vbproj", "{C38B8FE6-209F-46C3-A69C-9098D4E20018}"
EndProject
Global
	GlobalSection(SolutionConfigurationPlatforms) = preSolution
		Debug|Any CPU = Debug|Any CPU
		Debug|x86 = Debug|x86
		Release|Any CPU = Release|Any CPU
		Release|x86 = Release|x86
	EndGlobalSection
	GlobalSection(ProjectConfigurationPlatforms) = postSolution
		{C38B8FE6-209F-46C3-A69C-9098D4E20018}.Debug|Any CPU.ActiveCfg = Debug|Any CPU
		{C38B8FE6-209F-46C3-A69C-9098D4E20018}.Debug|Any CPU.Build.0 = Debug|Any CPU
		{C38B8FE6-209F-46C3-A69C-9098D4E20018}.Debug|x86.ActiveCfg = Debug|x86
		{C38B8FE6-209F-46C3-A69C-9098D4E20018}.Debug|x86.Build.0 = Debug|x86
		{C38B8FE6-209F-46C3-A69C-9098D4E20018}.Release|Any CPU.ActiveCfg = Release|Any CPU
		{C38B8FE6-209F-46C3-A69C-9098D4E20018}.Release|Any CPU.Build.0 = Release|Any CPU
		{C38B8FE6-209F-46C3-A69C-9098D4E20018}.Release|x86.ActiveCfg = Release|x86
		{C38B8FE6-209F-46C3-A69C-9098D4E20018}.Release|x86.Build.0 = Release|x86
	EndGlobalSection
	GlobalSection(SolutionProperties) = preSolution
		HideSolutionNode = FALSE
	EndGlobalSection
EndGlobal
