
Microsoft Visual Studio Solution File, Format Version 11.00
# Visual Studio 2010
Project("{F184B08F-C81C-45F6-A57F-5ABD9991F28F}") = "IrrklangPlayer", "IrrklangPlayer\IrrklangPlayer.vbproj", "{625956F9-775B-4853-82CE-8B115DA389C5}"
EndProject
Project("{F184B08F-C81C-45F6-A57F-5ABD9991F28F}") = "TestApp", "TestApp\TestApp.vbproj", "{D6148D4D-593D-4481-A0C6-F45E5D83E8E6}"
EndProject
Global
	GlobalSection(SolutionConfigurationPlatforms) = preSolution
		Debug|Any CPU = Debug|Any CPU
		Debug|x86 = Debug|x86
		Release|Any CPU = Release|Any CPU
		Release|x86 = Release|x86
	EndGlobalSection
	GlobalSection(ProjectConfigurationPlatforms) = postSolution
		{625956F9-775B-4853-82CE-8B115DA389C5}.Debug|Any CPU.ActiveCfg = Debug|Any CPU
		{625956F9-775B-4853-82CE-8B115DA389C5}.Debug|Any CPU.Build.0 = Debug|Any CPU
		{625956F9-775B-4853-82CE-8B115DA389C5}.Debug|x86.ActiveCfg = Debug|x86
		{625956F9-775B-4853-82CE-8B115DA389C5}.Debug|x86.Build.0 = Debug|x86
		{625956F9-775B-4853-82CE-8B115DA389C5}.Release|Any CPU.ActiveCfg = Release|Any CPU
		{625956F9-775B-4853-82CE-8B115DA389C5}.Release|Any CPU.Build.0 = Release|Any CPU
		{625956F9-775B-4853-82CE-8B115DA389C5}.Release|x86.ActiveCfg = Release|x86
		{625956F9-775B-4853-82CE-8B115DA389C5}.Release|x86.Build.0 = Release|x86
		{D6148D4D-593D-4481-A0C6-F45E5D83E8E6}.Debug|Any CPU.ActiveCfg = Debug|x86
		{D6148D4D-593D-4481-A0C6-F45E5D83E8E6}.Debug|x86.ActiveCfg = Debug|x86
		{D6148D4D-593D-4481-A0C6-F45E5D83E8E6}.Debug|x86.Build.0 = Debug|x86
		{D6148D4D-593D-4481-A0C6-F45E5D83E8E6}.Release|Any CPU.ActiveCfg = Release|x86
		{D6148D4D-593D-4481-A0C6-F45E5D83E8E6}.Release|x86.ActiveCfg = Release|x86
		{D6148D4D-593D-4481-A0C6-F45E5D83E8E6}.Release|x86.Build.0 = Release|x86
	EndGlobalSection
	GlobalSection(SolutionProperties) = preSolution
		HideSolutionNode = FALSE
	EndGlobalSection
EndGlobal
